
Microsoft Visual Studio Solution File, Format Version 12.00
# Visual Studio Express 2012 for Windows Desktop
Project("{FAE04EC0-301F-11D3-BF4B-00C04F79EFBC}") = "EditordeGrafos", "EditordeGrafos\EditordeGrafos.csproj", "{62BD31AD-0022-41A7-9842-4150B66388EE}"
EndProject
Global
	GlobalSection(SolutionConfigurationPlatforms) = preSolution
		Debug|Any CPU = Debug|Any CPU
		Release|Any CPU = Release|Any CPU
	EndGlobalSection
	GlobalSection(ProjectConfigurationPlatforms) = postSolution
		{62BD31AD-0022-41A7-9842-4150B66388EE}.Debug|Any CPU.ActiveCfg = Debug|Any CPU
		{62BD31AD-0022-41A7-9842-4150B66388EE}.Debug|Any CPU.Build.0 = Debug|Any CPU
		{62BD31AD-0022-41A7-9842-4150B66388EE}.Release|Any CPU.ActiveCfg = Release|Any CPU
		{62BD31AD-0022-41A7-9842-4150B66388EE}.Release|Any CPU.Build.0 = Release|Any CPU
	EndGlobalSection
	GlobalSection(SolutionProperties) = preSolution
		HideSolutionNode = FALSE
	EndGlobalSection
EndGlobal
